// !$*UTF8*$!
{
	archiveVersion = 1;
	classes = {
	};
	objectVersion = 55;
	objects = {

/* Begin PBXBuildFile section */
		D618D61F27CC1AC30026C02D /* DashboardViewController.swift in Sources */ = {isa = PBXBuildFile; fileRef = D618D61E27CC1AC30026C02D /* DashboardViewController.swift */; };
		D618D62127CC21C50026C02D /* APIDataManager.swift in Sources */ = {isa = PBXBuildFile; fileRef = D618D62027CC21C50026C02D /* APIDataManager.swift */; };
		D618D62327CC21D50026C02D /* Parser.swift in Sources */ = {isa = PBXBuildFile; fileRef = D618D62227CC21D50026C02D /* Parser.swift */; };
		D618D62527CC245A0026C02D /* EndPoints.swift in Sources */ = {isa = PBXBuildFile; fileRef = D618D62427CC245A0026C02D /* EndPoints.swift */; };
		D62A493027CC360800DFD6FE /* BooksResponse.swift in Sources */ = {isa = PBXBuildFile; fileRef = D62A492F27CC360800DFD6FE /* BooksResponse.swift */; };
		D6BC193B27C2DBF100534308 /* AppDelegate.swift in Sources */ = {isa = PBXBuildFile; fileRef = D6BC193A27C2DBF100534308 /* AppDelegate.swift */; };
		D6BC193D27C2DBF100534308 /* SceneDelegate.swift in Sources */ = {isa = PBXBuildFile; fileRef = D6BC193C27C2DBF100534308 /* SceneDelegate.swift */; };
		D6BC193F27C2DBF100534308 /* LoginViewController.swift in Sources */ = {isa = PBXBuildFile; fileRef = D6BC193E27C2DBF100534308 /* LoginViewController.swift */; };
		D6BC194427C2DBF200534308 /* Assets.xcassets in Resources */ = {isa = PBXBuildFile; fileRef = D6BC194327C2DBF200534308 /* Assets.xcassets */; };
		D6BC194727C2DBF200534308 /* LaunchScreen.storyboard in Resources */ = {isa = PBXBuildFile; fileRef = D6BC194527C2DBF200534308 /* LaunchScreen.storyboard */; };
		D6BC195327C2FC1C00534308 /* Constants.swift in Sources */ = {isa = PBXBuildFile; fileRef = D6BC195227C2FC1C00534308 /* Constants.swift */; };
		D6BC195527C3015800534308 /* SingInViewController.swift in Sources */ = {isa = PBXBuildFile; fileRef = D6BC195427C3015800534308 /* SingInViewController.swift */; };
/* End PBXBuildFile section */

/* Begin PBXFileReference section */
		D618D61E27CC1AC30026C02D /* DashboardViewController.swift */ = {isa = PBXFileReference; lastKnownFileType = sourcecode.swift; path = DashboardViewController.swift; sourceTree = "<group>"; };
		D618D62027CC21C50026C02D /* APIDataManager.swift */ = {isa = PBXFileReference; lastKnownFileType = sourcecode.swift; path = APIDataManager.swift; sourceTree = "<group>"; };
		D618D62227CC21D50026C02D /* Parser.swift */ = {isa = PBXFileReference; lastKnownFileType = sourcecode.swift; path = Parser.swift; sourceTree = "<group>"; };
		D618D62427CC245A0026C02D /* EndPoints.swift */ = {isa = PBXFileReference; lastKnownFileType = sourcecode.swift; path = EndPoints.swift; sourceTree = "<group>"; };
		D62A492F27CC360800DFD6FE /* BooksResponse.swift */ = {isa = PBXFileReference; lastKnownFileType = sourcecode.swift; path = BooksResponse.swift; sourceTree = "<group>"; };
		D6BC193727C2DBF100534308 /* KodemiaBooks.app */ = {isa = PBXFileReference; explicitFileType = wrapper.application; includeInIndex = 0; path = KodemiaBooks.app; sourceTree = BUILT_PRODUCTS_DIR; };
		D6BC193A27C2DBF100534308 /* AppDelegate.swift */ = {isa = PBXFileReference; lastKnownFileType = sourcecode.swift; path = AppDelegate.swift; sourceTree = "<group>"; };
		D6BC193C27C2DBF100534308 /* SceneDelegate.swift */ = {isa = PBXFileReference; lastKnownFileType = sourcecode.swift; path = SceneDelegate.swift; sourceTree = "<group>"; };
		D6BC193E27C2DBF100534308 /* LoginViewController.swift */ = {isa = PBXFileReference; lastKnownFileType = sourcecode.swift; path = LoginViewController.swift; sourceTree = "<group>"; };
		D6BC194327C2DBF200534308 /* Assets.xcassets */ = {isa = PBXFileReference; lastKnownFileType = folder.assetcatalog; path = Assets.xcassets; sourceTree = "<group>"; };
		D6BC194627C2DBF200534308 /* Base */ = {isa = PBXFileReference; lastKnownFileType = file.storyboard; name = Base; path = Base.lproj/LaunchScreen.storyboard; sourceTree = "<group>"; };
		D6BC194827C2DBF200534308 /* Info.plist */ = {isa = PBXFileReference; lastKnownFileType = text.plist.xml; path = Info.plist; sourceTree = "<group>"; };
		D6BC195227C2FC1C00534308 /* Constants.swift */ = {isa = PBXFileReference; lastKnownFileType = sourcecode.swift; path = Constants.swift; sourceTree = "<group>"; };
		D6BC195427C3015800534308 /* SingInViewController.swift */ = {isa = PBXFileReference; lastKnownFileType = sourcecode.swift; path = SingInViewController.swift; sourceTree = "<group>"; };
/* End PBXFileReference section */

/* Begin PBXFrameworksBuildPhase section */
		D6BC193427C2DBF100534308 /* Frameworks */ = {
			isa = PBXFrameworksBuildPhase;
			buildActionMask = 2147483647;
			files = (
			);
			runOnlyForDeploymentPostprocessing = 0;
		};
/* End PBXFrameworksBuildPhase section */

/* Begin PBXGroup section */
		D62A492E27CC35E600DFD6FE /* Response models  */ = {
			isa = PBXGroup;
			children = (
				D62A492F27CC360800DFD6FE /* BooksResponse.swift */,
			);
			path = "Response models ";
			sourceTree = "<group>";
		};
		D62A493127CC566200DFD6FE /* Networking */ = {
			isa = PBXGroup;
			children = (
				D618D62027CC21C50026C02D /* APIDataManager.swift */,
				D618D62227CC21D50026C02D /* Parser.swift */,
				D618D62427CC245A0026C02D /* EndPoints.swift */,
			);
			path = Networking;
			sourceTree = "<group>";
		};
		D6BC192E27C2DBF100534308 = {
			isa = PBXGroup;
			children = (
				D6BC193927C2DBF100534308 /* KodemiaBooks */,
				D6BC193827C2DBF100534308 /* Products */,
			);
			sourceTree = "<group>";
		};
		D6BC193827C2DBF100534308 /* Products */ = {
			isa = PBXGroup;
			children = (
				D6BC193727C2DBF100534308 /* KodemiaBooks.app */,
			);
			name = Products;
			sourceTree = "<group>";
		};
		D6BC193927C2DBF100534308 /* KodemiaBooks */ = {
			isa = PBXGroup;
			children = (
				D6BC195127C2E1FD00534308 /* Controller */,
				D6BC195027C2E1F200534308 /* View */,
				D6BC194F27C2E1E600534308 /* Model */,
				D6BC194E27C2E1D300534308 /* Delegates */,
				D6BC194327C2DBF200534308 /* Assets.xcassets */,
				D6BC194527C2DBF200534308 /* LaunchScreen.storyboard */,
				D6BC194827C2DBF200534308 /* Info.plist */,
			);
			path = KodemiaBooks;
			sourceTree = "<group>";
		};
		D6BC194E27C2E1D300534308 /* Delegates */ = {
			isa = PBXGroup;
			children = (
				D6BC193A27C2DBF100534308 /* AppDelegate.swift */,
				D6BC193C27C2DBF100534308 /* SceneDelegate.swift */,
			);
			path = Delegates;
			sourceTree = "<group>";
		};
		D6BC194F27C2E1E600534308 /* Model */ = {
			isa = PBXGroup;
			children = (
				D62A492E27CC35E600DFD6FE /* Response models  */,
				D6BC195227C2FC1C00534308 /* Constants.swift */,
				D62A493127CC566200DFD6FE /* Networking */,
			);
			path = Model;
			sourceTree = "<group>";
		};
		D6BC195027C2E1F200534308 /* View */ = {
			isa = PBXGroup;
			children = (
			);
			path = View;
			sourceTree = "<group>";
		};
		D6BC195127C2E1FD00534308 /* Controller */ = {
			isa = PBXGroup;
			children = (
				D6BC193E27C2DBF100534308 /* LoginViewController.swift */,
				D6BC195427C3015800534308 /* SingInViewController.swift */,
				D618D61E27CC1AC30026C02D /* DashboardViewController.swift */,
			);
			path = Controller;
			sourceTree = "<group>";
		};
/* End PBXGroup section */

/* Begin PBXNativeTarget section */
		D6BC193627C2DBF100534308 /* KodemiaBooks */ = {
			isa = PBXNativeTarget;
			buildConfigurationList = D6BC194B27C2DBF200534308 /* Build configuration list for PBXNativeTarget "KodemiaBooks" */;
			buildPhases = (
				D6BC193327C2DBF100534308 /* Sources */,
				D6BC193427C2DBF100534308 /* Frameworks */,
				D6BC193527C2DBF100534308 /* Resources */,
			);
			buildRules = (
			);
			dependencies = (
			);
			name = KodemiaBooks;
			productName = KodemiaBooks;
			productReference = D6BC193727C2DBF100534308 /* KodemiaBooks.app */;
			productType = "com.apple.product-type.application";
		};
/* End PBXNativeTarget section */

/* Begin PBXProject section */
		D6BC192F27C2DBF100534308 /* Project object */ = {
			isa = PBXProject;
			attributes = {
				BuildIndependentTargetsInParallel = 1;
				LastSwiftUpdateCheck = 1320;
				LastUpgradeCheck = 1320;
				TargetAttributes = {
					D6BC193627C2DBF100534308 = {
						CreatedOnToolsVersion = 13.2.1;
					};
				};
			};
			buildConfigurationList = D6BC193227C2DBF100534308 /* Build configuration list for PBXProject "KodemiaBooks" */;
			compatibilityVersion = "Xcode 13.0";
			developmentRegion = en;
			hasScannedForEncodings = 0;
			knownRegions = (
				en,
				Base,
			);
			mainGroup = D6BC192E27C2DBF100534308;
			productRefGroup = D6BC193827C2DBF100534308 /* Products */;
			projectDirPath = "";
			projectRoot = "";
			targets = (
				D6BC193627C2DBF100534308 /* KodemiaBooks */,
			);
		};
/* End PBXProject section */

/* Begin PBXResourcesBuildPhase section */
		D6BC193527C2DBF100534308 /* Resources */ = {
			isa = PBXResourcesBuildPhase;
			buildActionMask = 2147483647;
			files = (
				D6BC194727C2DBF200534308 /* LaunchScreen.storyboard in Resources */,
				D6BC194427C2DBF200534308 /* Assets.xcassets in Resources */,
			);
			runOnlyForDeploymentPostprocessing = 0;
		};
/* End PBXResourcesBuildPhase section */

/* Begin PBXSourcesBuildPhase section */
		D6BC193327C2DBF100534308 /* Sources */ = {
			isa = PBXSourcesBuildPhase;
			buildActionMask = 2147483647;
			files = (
				D6BC193F27C2DBF100534308 /* LoginViewController.swift in Sources */,
				D618D62527CC245A0026C02D /* EndPoints.swift in Sources */,
				D618D62127CC21C50026C02D /* APIDataManager.swift in Sources */,
				D62A493027CC360800DFD6FE /* BooksResponse.swift in Sources */,
				D618D61F27CC1AC30026C02D /* DashboardViewController.swift in Sources */,
				D6BC195527C3015800534308 /* SingInViewController.swift in Sources */,
				D618D62327CC21D50026C02D /* Parser.swift in Sources */,
				D6BC193B27C2DBF100534308 /* AppDelegate.swift in Sources */,
				D6BC193D27C2DBF100534308 /* SceneDelegate.swift in Sources */,
				D6BC195327C2FC1C00534308 /* Constants.swift in Sources */,
			);
			runOnlyForDeploymentPostprocessing = 0;
		};
/* End PBXSourcesBuildPhase section */

/* Begin PBXVariantGroup section */
		D6BC194527C2DBF200534308 /* LaunchScreen.storyboard */ = {
			isa = PBXVariantGroup;
			children = (
				D6BC194627C2DBF200534308 /* Base */,
			);
			name = LaunchScreen.storyboard;
			sourceTree = "<group>";
		};
/* End PBXVariantGroup section */

/* Begin XCBuildConfiguration section */
		D6BC194927C2DBF200534308 /* Debug */ = {
			isa = XCBuildConfiguration;
			buildSettings = {
				ALWAYS_SEARCH_USER_PATHS = NO;
				CLANG_ANALYZER_NONNULL = YES;
				CLANG_ANALYZER_NUMBER_OBJECT_CONVERSION = YES_AGGRESSIVE;
				CLANG_CXX_LANGUAGE_STANDARD = "gnu++17";
				CLANG_CXX_LIBRARY = "libc++";
				CLANG_ENABLE_MODULES = YES;
				CLANG_ENABLE_OBJC_ARC = YES;
				CLANG_ENABLE_OBJC_WEAK = YES;
				CLANG_WARN_BLOCK_CAPTURE_AUTORELEASING = YES;
				CLANG_WARN_BOOL_CONVERSION = YES;
				CLANG_WARN_COMMA = YES;
				CLANG_WARN_CONSTANT_CONVERSION = YES;
				CLANG_WARN_DEPRECATED_OBJC_IMPLEMENTATIONS = YES;
				CLANG_WARN_DIRECT_OBJC_ISA_USAGE = YES_ERROR;
				CLANG_WARN_DOCUMENTATION_COMMENTS = YES;
				CLANG_WARN_EMPTY_BODY = YES;
				CLANG_WARN_ENUM_CONVERSION = YES;
				CLANG_WARN_INFINITE_RECURSION = YES;
				CLANG_WARN_INT_CONVERSION = YES;
				CLANG_WARN_NON_LITERAL_NULL_CONVERSION = YES;
				CLANG_WARN_OBJC_IMPLICIT_RETAIN_SELF = YES;
				CLANG_WARN_OBJC_LITERAL_CONVERSION = YES;
				CLANG_WARN_OBJC_ROOT_CLASS = YES_ERROR;
				CLANG_WARN_QUOTED_INCLUDE_IN_FRAMEWORK_HEADER = YES;
				CLANG_WARN_RANGE_LOOP_ANALYSIS = YES;
				CLANG_WARN_STRICT_PROTOTYPES = YES;
				CLANG_WARN_SUSPICIOUS_MOVE = YES;
				CLANG_WARN_UNGUARDED_AVAILABILITY = YES_AGGRESSIVE;
				CLANG_WARN_UNREACHABLE_CODE = YES;
				CLANG_WARN__DUPLICATE_METHOD_MATCH = YES;
				COPY_PHASE_STRIP = NO;
				DEBUG_INFORMATION_FORMAT = dwarf;
				ENABLE_STRICT_OBJC_MSGSEND = YES;
				ENABLE_TESTABILITY = YES;
				GCC_C_LANGUAGE_STANDARD = gnu11;
				GCC_DYNAMIC_NO_PIC = NO;
				GCC_NO_COMMON_BLOCKS = YES;
				GCC_OPTIMIZATION_LEVEL = 0;
				GCC_PREPROCESSOR_DEFINITIONS = (
					"DEBUG=1",
					"$(inherited)",
				);
				GCC_WARN_64_TO_32_BIT_CONVERSION = YES;
				GCC_WARN_ABOUT_RETURN_TYPE = YES_ERROR;
				GCC_WARN_UNDECLARED_SELECTOR = YES;
				GCC_WARN_UNINITIALIZED_AUTOS = YES_AGGRESSIVE;
				GCC_WARN_UNUSED_FUNCTION = YES;
				GCC_WARN_UNUSED_VARIABLE = YES;
				IPHONEOS_DEPLOYMENT_TARGET = 15.2;
				MTL_ENABLE_DEBUG_INFO = INCLUDE_SOURCE;
				MTL_FAST_MATH = YES;
				ONLY_ACTIVE_ARCH = YES;
				SDKROOT = iphoneos;
				SWIFT_ACTIVE_COMPILATION_CONDITIONS = DEBUG;
				SWIFT_OPTIMIZATION_LEVEL = "-Onone";
			};
			name = Debug;
		};
		D6BC194A27C2DBF200534308 /* Release */ = {
			isa = XCBuildConfiguration;
			buildSettings = {
				ALWAYS_SEARCH_USER_PATHS = NO;
				CLANG_ANALYZER_NONNULL = YES;
				CLANG_ANALYZER_NUMBER_OBJECT_CONVERSION = YES_AGGRESSIVE;
				CLANG_CXX_LANGUAGE_STANDARD = "gnu++17";
				CLANG_CXX_LIBRARY = "libc++";
				CLANG_ENABLE_MODULES = YES;
				CLANG_ENABLE_OBJC_ARC = YES;
				CLANG_ENABLE_OBJC_WEAK = YES;
				CLANG_WARN_BLOCK_CAPTURE_AUTORELEASING = YES;
				CLANG_WARN_BOOL_CONVERSION = YES;
				CLANG_WARN_COMMA = YES;
				CLANG_WARN_CONSTANT_CONVERSION = YES;
				CLANG_WARN_DEPRECATED_OBJC_IMPLEMENTATIONS = YES;
				CLANG_WARN_DIRECT_OBJC_ISA_USAGE = YES_ERROR;
				CLANG_WARN_DOCUMENTATION_COMMENTS = YES;
				CLANG_WARN_EMPTY_BODY = YES;
				CLANG_WARN_ENUM_CONVERSION = YES;
				CLANG_WARN_INFINITE_RECURSION = YES;
				CLANG_WARN_INT_CONVERSION = YES;
				CLANG_WARN_NON_LITERAL_NULL_CONVERSION = YES;
				CLANG_WARN_OBJC_IMPLICIT_RETAIN_SELF = YES;
				CLANG_WARN_OBJC_LITERAL_CONVERSION = YES;
				CLANG_WARN_OBJC_ROOT_CLASS = YES_ERROR;
				CLANG_WARN_QUOTED_INCLUDE_IN_FRAMEWORK_HEADER = YES;
				CLANG_WARN_RANGE_LOOP_ANALYSIS = YES;
				CLANG_WARN_STRICT_PROTOTYPES = YES;
				CLANG_WARN_SUSPICIOUS_MOVE = YES;
				CLANG_WARN_UNGUARDED_AVAILABILITY = YES_AGGRESSIVE;
				CLANG_WARN_UNREACHABLE_CODE = YES;
				CLANG_WARN__DUPLICATE_METHOD_MATCH = YES;
				COPY_PHASE_STRIP = NO;
				DEBUG_INFORMATION_FORMAT = "dwarf-with-dsym";
				ENABLE_NS_ASSERTIONS = NO;
				ENABLE_STRICT_OBJC_MSGSEND = YES;
				GCC_C_LANGUAGE_STANDARD = gnu11;
				GCC_NO_COMMON_BLOCKS = YES;
				GCC_WARN_64_TO_32_BIT_CONVERSION = YES;
				GCC_WARN_ABOUT_RETURN_TYPE = YES_ERROR;
				GCC_WARN_UNDECLARED_SELECTOR = YES;
				GCC_WARN_UNINITIALIZED_AUTOS = YES_AGGRESSIVE;
				GCC_WARN_UNUSED_FUNCTION = YES;
				GCC_WARN_UNUSED_VARIABLE = YES;
				IPHONEOS_DEPLOYMENT_TARGET = 15.2;
				MTL_ENABLE_DEBUG_INFO = NO;
				MTL_FAST_MATH = YES;
				SDKROOT = iphoneos;
				SWIFT_COMPILATION_MODE = wholemodule;
				SWIFT_OPTIMIZATION_LEVEL = "-O";
				VALIDATE_PRODUCT = YES;
			};
			name = Release;
		};
		D6BC194C27C2DBF200534308 /* Debug */ = {
			isa = XCBuildConfiguration;
			buildSettings = {
				ASSETCATALOG_COMPILER_APPICON_NAME = AppIcon;
				ASSETCATALOG_COMPILER_GLOBAL_ACCENT_COLOR_NAME = AccentColor;
				CODE_SIGN_STYLE = Automatic;
				CURRENT_PROJECT_VERSION = 1;
				DEVELOPMENT_TEAM = ZHC958P7X6;
				GENERATE_INFOPLIST_FILE = YES;
				INFOPLIST_FILE = KodemiaBooks/Info.plist;
				INFOPLIST_KEY_UIApplicationSupportsIndirectInputEvents = YES;
				INFOPLIST_KEY_UILaunchStoryboardName = LaunchScreen;
				INFOPLIST_KEY_UISupportedInterfaceOrientations_iPad = "UIInterfaceOrientationPortrait UIInterfaceOrientationPortraitUpsideDown UIInterfaceOrientationLandscapeLeft UIInterfaceOrientationLandscapeRight";
				INFOPLIST_KEY_UISupportedInterfaceOrientations_iPhone = "UIInterfaceOrientationPortrait UIInterfaceOrientationLandscapeLeft UIInterfaceOrientationLandscapeRight";
				LD_RUNPATH_SEARCH_PATHS = (
					"$(inherited)",
					"@executable_path/Frameworks",
				);
				MARKETING_VERSION = 1.0;
				PRODUCT_BUNDLE_IDENTIFIER = con.marcocruz.KodemiaBooks;
				PRODUCT_NAME = "$(TARGET_NAME)";
				SWIFT_EMIT_LOC_STRINGS = YES;
				SWIFT_VERSION = 5.0;
				TARGETED_DEVICE_FAMILY = "1,2";
			};
			name = Debug;
		};
		D6BC194D27C2DBF200534308 /* Release */ = {
			isa = XCBuildConfiguration;
			buildSettings = {
				ASSETCATALOG_COMPILER_APPICON_NAME = AppIcon;
				ASSETCATALOG_COMPILER_GLOBAL_ACCENT_COLOR_NAME = AccentColor;
				CODE_SIGN_STYLE = Automatic;
				CURRENT_PROJECT_VERSION = 1;
				DEVELOPMENT_TEAM = ZHC958P7X6;
				GENERATE_INFOPLIST_FILE = YES;
				INFOPLIST_FILE = KodemiaBooks/Info.plist;
				INFOPLIST_KEY_UIApplicationSupportsIndirectInputEvents = YES;
				INFOPLIST_KEY_UILaunchStoryboardName = LaunchScreen;
				INFOPLIST_KEY_UISupportedInterfaceOrientations_iPad = "UIInterfaceOrientationPortrait UIInterfaceOrientationPortraitUpsideDown UIInterfaceOrientationLandscapeLeft UIInterfaceOrientationLandscapeRight";
				INFOPLIST_KEY_UISupportedInterfaceOrientations_iPhone = "UIInterfaceOrientationPortrait UIInterfaceOrientationLandscapeLeft UIInterfaceOrientationLandscapeRight";
				LD_RUNPATH_SEARCH_PATHS = (
					"$(inherited)",
					"@executable_path/Frameworks",
				);
				MARKETING_VERSION = 1.0;
				PRODUCT_BUNDLE_IDENTIFIER = con.marcocruz.KodemiaBooks;
				PRODUCT_NAME = "$(TARGET_NAME)";
				SWIFT_EMIT_LOC_STRINGS = YES;
				SWIFT_VERSION = 5.0;
				TARGETED_DEVICE_FAMILY = "1,2";
			};
			name = Release;
		};
/* End XCBuildConfiguration section */

/* Begin XCConfigurationList section */
		D6BC193227C2DBF100534308 /* Build configuration list for PBXProject "KodemiaBooks" */ = {
			isa = XCConfigurationList;
			buildConfigurations = (
				D6BC194927C2DBF200534308 /* Debug */,
				D6BC194A27C2DBF200534308 /* Release */,
			);
			defaultConfigurationIsVisible = 0;
			defaultConfigurationName = Release;
		};
		D6BC194B27C2DBF200534308 /* Build configuration list for PBXNativeTarget "KodemiaBooks" */ = {
			isa = XCConfigurationList;
			buildConfigurations = (
				D6BC194C27C2DBF200534308 /* Debug */,
				D6BC194D27C2DBF200534308 /* Release */,
			);
			defaultConfigurationIsVisible = 0;
			defaultConfigurationName = Release;
		};
/* End XCConfigurationList section */
	};
	rootObject = D6BC192F27C2DBF100534308 /* Project object */;
}
